{
    "version": 3,
    "terraform_version": "0.11.7",
    "serial": 3,
    "lineage": "53497340-cb09-c102-4abe-fda1d0dcb69d",
    "modules": [
        {
            "path": [
                "root"
            ],
            "outputs": {},
            "resources": {
                "aws_instance.test": {
                    "type": "aws_instance",
                    "depends_on": [],
                    "primary": {
                        "id": "i-02db26583f7020886",
                        "attributes": {
                            "ami": "ami-97785bed",
                            "associate_public_ip_address": "true",
                            "availability_zone": "us-east-1a",
                            "credit_specification.#": "1",
                            "credit_specification.0.cpu_credits": "standard",
                            "disable_api_termination": "false",
                            "ebs_block_device.#": "0",
                            "ebs_optimized": "false",
                            "ephemeral_block_device.#": "0",
                            "get_password_data": "false",
                            "iam_instance_profile": "",
                            "id": "i-02db26583f7020886",
                            "instance_state": "running",
                            "instance_type": "t2.micro",
                            "ipv6_addresses.#": "0",
                            "key_name": "sysadmin",
                            "monitoring": "false",
                            "network_interface.#": "0",
                            "network_interface_id": "eni-85403010",
                            "password_data": "",
                            "placement_group": "",
                            "primary_network_interface_id": "eni-85403010",
                            "private_dns": "ip-172-31-85-84.ec2.internal",
                            "private_ip": "172.31.85.84",
                            "public_dns": "ec2-54-163-19-73.compute-1.amazonaws.com",
                            "public_ip": "54.163.19.73",
                            "root_block_device.#": "1",
                            "root_block_device.0.delete_on_termination": "true",
                            "root_block_device.0.iops": "100",
                            "root_block_device.0.volume_id": "vol-0891c70440b4ba88d",
                            "root_block_device.0.volume_size": "10",
                            "root_block_device.0.volume_type": "gp2",
                            "security_groups.#": "1",
                            "security_groups.3814588639": "default",
                            "source_dest_check": "true",
                            "subnet_id": "subnet-4a24c464",
                            "tags.%": "2",
                            "tags.Environment": "development",
                            "tags.Name": "gika-01.spaceman.id",
                            "tenancy": "default",
                            "volume_tags.%": "0",
                            "vpc_security_group_ids.#": "1",
                            "vpc_security_group_ids.2928678062": "sg-38045071"
                        },
                        "meta": {
                            "e2bfb730-ecaa-11e6-8f88-34363bc7c4c0": {
                                "create": 600000000000,
                                "delete": 1200000000000,
                                "update": 600000000000
                            },
                            "schema_version": "1"
                        },
                        "tainted": false
                    },
                    "deposed": [],
                    "provider": "provider.aws"
                }
            },
            "depends_on": []
        }
    ]
}
